
Microsoft Visual Studio Solution File, Format Version 12.00
# Visual Studio Version 16
VisualStudioVersion = 16.0.31624.102
MinimumVisualStudioVersion = 10.0.40219.1
Project("{9A19103F-16F7-4668-BE54-9A1E7A4F7556}") = "Marvel.UI", "Marvel.UI\Marvel.UI.csproj", "{8C9ABA01-DED9-435A-B919-2E3A6298333D}"
EndProject
Project("{FAE04EC0-301F-11D3-BF4B-00C04F79EFBC}") = "Marvel.DataSource", "Marvel.DataSource\Marvel.DataSource.csproj", "{AA3CA490-7BCE-4782-AE01-A6D184F89620}"
EndProject
Project("{FAE04EC0-301F-11D3-BF4B-00C04F79EFBC}") = "Marvel.DataAccess", "Marvel.DataAccess\Marvel.DataAccess.csproj", "{E0038EE2-056A-4A20-8175-FB13A0AE2E0F}"
EndProject
Project("{FAE04EC0-301F-11D3-BF4B-00C04F79EFBC}") = "Marvel.DTO", "Marvel.DTO\Marvel.DTO.csproj", "{A4FE754F-D889-4514-95F5-111748674F23}"
EndProject
Global
	GlobalSection(SolutionConfigurationPlatforms) = preSolution
		Debug|Any CPU = Debug|Any CPU
		Release|Any CPU = Release|Any CPU
	EndGlobalSection
	GlobalSection(ProjectConfigurationPlatforms) = postSolution
		{8C9ABA01-DED9-435A-B919-2E3A6298333D}.Debug|Any CPU.ActiveCfg = Debug|Any CPU
		{8C9ABA01-DED9-435A-B919-2E3A6298333D}.Debug|Any CPU.Build.0 = Debug|Any CPU
		{8C9ABA01-DED9-435A-B919-2E3A6298333D}.Release|Any CPU.ActiveCfg = Release|Any CPU
		{8C9ABA01-DED9-435A-B919-2E3A6298333D}.Release|Any CPU.Build.0 = Release|Any CPU
		{AA3CA490-7BCE-4782-AE01-A6D184F89620}.Debug|Any CPU.ActiveCfg = Debug|Any CPU
		{AA3CA490-7BCE-4782-AE01-A6D184F89620}.Debug|Any CPU.Build.0 = Debug|Any CPU
		{AA3CA490-7BCE-4782-AE01-A6D184F89620}.Release|Any CPU.ActiveCfg = Release|Any CPU
		{AA3CA490-7BCE-4782-AE01-A6D184F89620}.Release|Any CPU.Build.0 = Release|Any CPU
		{E0038EE2-056A-4A20-8175-FB13A0AE2E0F}.Debug|Any CPU.ActiveCfg = Debug|Any CPU
		{E0038EE2-056A-4A20-8175-FB13A0AE2E0F}.Debug|Any CPU.Build.0 = Debug|Any CPU
		{E0038EE2-056A-4A20-8175-FB13A0AE2E0F}.Release|Any CPU.ActiveCfg = Release|Any CPU
		{E0038EE2-056A-4A20-8175-FB13A0AE2E0F}.Release|Any CPU.Build.0 = Release|Any CPU
		{A4FE754F-D889-4514-95F5-111748674F23}.Debug|Any CPU.ActiveCfg = Debug|Any CPU
		{A4FE754F-D889-4514-95F5-111748674F23}.Debug|Any CPU.Build.0 = Debug|Any CPU
		{A4FE754F-D889-4514-95F5-111748674F23}.Release|Any CPU.ActiveCfg = Release|Any CPU
		{A4FE754F-D889-4514-95F5-111748674F23}.Release|Any CPU.Build.0 = Release|Any CPU
	EndGlobalSection
	GlobalSection(SolutionProperties) = preSolution
		HideSolutionNode = FALSE
	EndGlobalSection
	GlobalSection(ExtensibilityGlobals) = postSolution
		SolutionGuid = {6E186F45-2EDC-47C6-ADF0-120B8CEF675D}
	EndGlobalSection
EndGlobal
